
Microsoft Visual Studio Solution File, Format Version 12.00
# Visual Studio 15
VisualStudioVersion = 15.0.28010.2003
MinimumVisualStudioVersion = 10.0.40219.1
Project("{FAE04EC0-301F-11D3-BF4B-00C04F79EFBC}") = "WiredBrainCoffee.ShopInfoTool", "WiredBrainCoffee.ShopInfoTool\WiredBrainCoffee.ShopInfoTool.csproj", "{18A8C5E5-7F30-44A9-96B6-41891E62601A}"
EndProject
Global
	GlobalSection(SolutionConfigurationPlatforms) = preSolution
		Debug|Any CPU = Debug|Any CPU
		Release|Any CPU = Release|Any CPU
	EndGlobalSection
	GlobalSection(ProjectConfigurationPlatforms) = postSolution
		{18A8C5E5-7F30-44A9-96B6-41891E62601A}.Debug|Any CPU.ActiveCfg = Debug|Any CPU
		{18A8C5E5-7F30-44A9-96B6-41891E62601A}.Debug|Any CPU.Build.0 = Debug|Any CPU
		{18A8C5E5-7F30-44A9-96B6-41891E62601A}.Release|Any CPU.ActiveCfg = Release|Any CPU
		{18A8C5E5-7F30-44A9-96B6-41891E62601A}.Release|Any CPU.Build.0 = Release|Any CPU
	EndGlobalSection
	GlobalSection(SolutionProperties) = preSolution
		HideSolutionNode = FALSE
	EndGlobalSection
	GlobalSection(ExtensibilityGlobals) = postSolution
		SolutionGuid = {AF5B2175-9E60-4981-AA30-7B7EF4E3AC31}
	EndGlobalSection
EndGlobal
